{
  "name": "my-angular-app",
  "lockfileVersion": 3,
  "requires": true,
  "packages": {
    "": {
      "dependencies": {
        "ag-grid-angular": "^32.1.0"
      }
    },
    "node_modules/@angular/common": {
      "version": "18.2.4",
      "resolved": "https://registry.npmjs.org/@angular/common/-/common-18.2.4.tgz",
      "integrity": "sha512-flUaKhdr8KvtjH0cLC6Rrjirt8GsiFlrmZLZplr784O3Gkei2VBBNFoopgmlEzbVGPiIG5QlFZH9yvah6JPQZw==",
      "license": "MIT",
      "peer": true,
      "dependencies": {
        "tslib": "^2.3.0"
      },
      "engines": {
        "node": "^18.19.1 || ^20.11.1 || >=22.0.0"
      },
      "peerDependencies": {
        "@angular/core": "18.2.4",
        "rxjs": "^6.5.3 || ^7.4.0"
      }
    },
    "node_modules/@angular/core": {
      "version": "18.2.4",
      "resolved": "https://registry.npmjs.org/@angular/core/-/core-18.2.4.tgz",
      "integrity": "sha512-ulYmYpI/ZVQ5BL38rBy4DS/9wgGWmVD9Uo6tcrLqCzt1G1G2nKwseZv009536pHfk6dj2HdPSkpcerhWh57DWw==",
      "license": "MIT",
      "peer": true,
      "dependencies": {
        "tslib": "^2.3.0"
      },
      "engines": {
        "node": "^18.19.1 || ^20.11.1 || >=22.0.0"
      },
      "peerDependencies": {
        "rxjs": "^6.5.3 || ^7.4.0",
        "zone.js": "~0.14.10"
      }
    },
    "node_modules/ag-charts-types": {
      "version": "10.1.0",
      "resolved": "https://registry.npmjs.org/ag-charts-types/-/ag-charts-types-10.1.0.tgz",
      "integrity": "sha512-pk9ft8hbgTXJ/thI/SEUR1BoauNplYExpcHh7tMOqVikoDsta1O15TB1ZL4XWnl4TPIzROBmONKsz7d8a2HBuQ==",
      "license": "MIT",
      "peer": true
    },
    "node_modules/ag-grid-angular": {
      "version": "32.1.0",
      "resolved": "https://registry.npmjs.org/ag-grid-angular/-/ag-grid-angular-32.1.0.tgz",
      "integrity": "sha512-d21XbuSUvuy8Hp3m/ltU1dIjPRRB082+tNeKodf2Mwt0zNCY5H+Y1kSimRDnhU5KLK/3yIiCzpgAzwz6AmnxtQ==",
      "license": "MIT",
      "dependencies": {
        "tslib": "^2.3.0"
      },
      "peerDependencies": {
        "@angular/common": ">= 16.0.0",
        "@angular/core": ">= 16.0.0",
        "ag-grid-community": "32.1.0"
      }
    },
    "node_modules/ag-grid-community": {
      "version": "32.1.0",
      "resolved": "https://registry.npmjs.org/ag-grid-community/-/ag-grid-community-32.1.0.tgz",
      "integrity": "sha512-RVvkjRH61nuCXwIqTKQPqNbKR+8cGBKw7S1qmmMXsy0pCBAJaQn4kL3v31hKHxDtV4bPscBXLFKGnKzHuss0GQ==",
      "license": "MIT",
      "peer": true,
      "dependencies": {
        "ag-charts-types": "10.1.0"
      }
    },
    "node_modules/rxjs": {
      "version": "7.8.1",
      "resolved": "https://registry.npmjs.org/rxjs/-/rxjs-7.8.1.tgz",
      "integrity": "sha512-AA3TVj+0A2iuIoQkWEK/tqFjBq2j+6PO6Y0zJcvzLAFhEFIO3HL0vls9hWLncZbAAbK0mar7oZ4V079I/qPMxg==",
      "license": "Apache-2.0",
      "peer": true,
      "dependencies": {
        "tslib": "^2.1.0"
      }
    },
    "node_modules/tslib": {
      "version": "2.7.0",
      "resolved": "https://registry.npmjs.org/tslib/-/tslib-2.7.0.tgz",
      "integrity": "sha512-gLXCKdN1/j47AiHiOkJN69hJmcbGTHI0ImLmbYLHykhgeN0jVGola9yVjFgzCUklsZQMW55o+dW7IXv3RCXDzA==",
      "license": "0BSD"
    },
    "node_modules/zone.js": {
      "version": "0.14.10",
      "resolved": "https://registry.npmjs.org/zone.js/-/zone.js-0.14.10.tgz",
      "integrity": "sha512-YGAhaO7J5ywOXW6InXNlLmfU194F8lVgu7bRntUF3TiG8Y3nBK0x1UJJuHUP/e8IyihkjCYqhCScpSwnlaSRkQ==",
      "license": "MIT",
      "peer": true
    }
  }
}
